
Microsoft Visual Studio Solution File, Format Version 12.00
# Visual Studio Version 17
VisualStudioVersion = 17.14.36616.10 d17.14
MinimumVisualStudioVersion = 10.0.40219.1
Project("{FAE04EC0-301F-11D3-BF4B-00C04F79EFBC}") = "Petrov_Tema_16", "Petrov_Tema_16\Petrov_Tema_16.csproj", "{A53E221C-A0FD-440C-9B06-8702C5479BF8}"
EndProject
Global
	GlobalSection(SolutionConfigurationPlatforms) = preSolution
		Debug|Any CPU = Debug|Any CPU
		Release|Any CPU = Release|Any CPU
	EndGlobalSection
	GlobalSection(ProjectConfigurationPlatforms) = postSolution
		{A53E221C-A0FD-440C-9B06-8702C5479BF8}.Debug|Any CPU.ActiveCfg = Debug|Any CPU
		{A53E221C-A0FD-440C-9B06-8702C5479BF8}.Debug|Any CPU.Build.0 = Debug|Any CPU
		{A53E221C-A0FD-440C-9B06-8702C5479BF8}.Release|Any CPU.ActiveCfg = Release|Any CPU
		{A53E221C-A0FD-440C-9B06-8702C5479BF8}.Release|Any CPU.Build.0 = Release|Any CPU
	EndGlobalSection
	GlobalSection(SolutionProperties) = preSolution
		HideSolutionNode = FALSE
	EndGlobalSection
	GlobalSection(ExtensibilityGlobals) = postSolution
		SolutionGuid = {CC03152C-5C8F-43B0-AB3B-90087E945AE2}
	EndGlobalSection
EndGlobal
